PODS:
  - DisplayCriteria (1.1.0)
  - FFmpegKit (7.1.0):
    - FFmpegKit/FFmpegKit (= 7.1.0)
  - FFmpegKit/FFmpegKit (7.1.0):
    - Libass
  - KSPlayer (1.1.0):
    - KSPlayer/Audio (= 1.1.0)
    - KSPlayer/AVPlayer (= 1.1.0)
    - KSPlayer/Core (= 1.1.0)
    - KSPlayer/MEPlayer (= 1.1.0)
    - KSPlayer/Metal (= 1.1.0)
    - KSPlayer/Subtitle (= 1.1.0)
    - KSPlayer/SwiftUI (= 1.1.0)
    - KSPlayer/Video (= 1.1.0)
  - KSPlayer/Audio (1.1.0):
    - KSPlayer/Core
  - KSPlayer/AVPlayer (1.1.0):
    - DisplayCriteria
  - KSPlayer/Core (1.1.0):
    - KSPlayer/AVPlayer
  - KSPlayer/MEPlayer (1.1.0):
    - FFmpegKit
    - KSPlayer/AVPlayer
    - KSPlayer/Metal
    - KSPlayer/Subtitle
  - KSPlayer/Metal (1.1.0)
  - KSPlayer/Subtitle (1.1.0)
  - KSPlayer/SwiftUI (1.1.0):
    - KSPlayer/AVPlayer
  - KSPlayer/Tests (1.1.0)
  - KSPlayer/Video (1.1.0):
    - KSPlayer/Core
    - KSPlayer/Subtitle
  - Libass (0.17.1):
    - Libass/Libass (= 0.17.1)
  - Libass/Libass (0.17.1)
  - Libmpv (0.37.0):
    - Libmpv/Libmpv (= 0.37.0)
  - Libmpv/Libmpv (0.37.0):
    - FFmpegKit
  - MPVPlayer (1.1.0):
    - MPVPlayer/MPVPlayer (= 1.1.0)
  - MPVPlayer/MPVPlayer (1.1.0):
    - KSPlayer
    - Libmpv

DEPENDENCIES:
  - DisplayCriteria (from `../`)
  - FFmpegKit (from `../../FFmpegKit`)
  - KSPlayer (from `../`)
  - KSPlayer/Tests (from `../`)
  - Libass (from `../../FFmpegKit`)
  - Libmpv (from `../../FFmpegKit`)
  - MPVPlayer (from `../`)

EXTERNAL SOURCES:
  DisplayCriteria:
    :path: "../"
  FFmpegKit:
    :path: "../../FFmpegKit"
  KSPlayer:
    :path: "../"
  Libass:
    :path: "../../FFmpegKit"
  Libmpv:
    :path: "../../FFmpegKit"
  MPVPlayer:
    :path: "../"

SPEC CHECKSUMS:
  DisplayCriteria: 3ef4e1fa45c8f188925105d1229f4d6655dabd4a
  FFmpegKit: 0074a232988d579d5349dafa53c4bac317e36a59
  KSPlayer: 8c4b75cfb95ff8d88514a261f7f90160809e5e01
  Libass: 95b6fec51457a5a682c4e1149a2c00fe5d631960
  Libmpv: 1d3e5c8f536d6d6a5a3f5aa36661ddffbb09a4e5
  MPVPlayer: 977bb2296374ef20e362419f4413b8cb79d980fb

PODFILE CHECKSUM: acacc8661854adc09667207c474d2b0fd5975a47

COCOAPODS: 1.16.2
